
Microsoft Visual Studio Solution File, Format Version 12.00
# Visual Studio 15
VisualStudioVersion = 15.0.28307.1231
MinimumVisualStudioVersion = 10.0.40219.1
Project("{FAE04EC0-301F-11D3-BF4B-00C04F79EFBC}") = "FundamentosPOO2", "FundamentosPOO2\FundamentosPOO2.csproj", "{1F940B4B-2B32-49D9-95C3-1DFDFE3EB04D}"
EndProject
Project("{FAE04EC0-301F-11D3-BF4B-00C04F79EFBC}") = "LibreriaPOO", "LibreriaPOO\LibreriaPOO.csproj", "{F497B88B-C6C8-451D-A9BB-7B8F50D7B259}"
EndProject
Project("{FAE04EC0-301F-11D3-BF4B-00C04F79EFBC}") = "WinFormPOO", "WinFormPOO\WinFormPOO.csproj", "{DDCD3F00-8ACF-4D6B-B8BC-F9149BDDABBE}"
EndProject
Project("{FAE04EC0-301F-11D3-BF4B-00C04F79EFBC}") = "FundamentosPOOEstudiantes", "FundamentosPOOEstudiantes\FundamentosPOOEstudiantes.csproj", "{A4EA9D9A-7BFC-4709-A22E-A25D90C3907D}"
EndProject
Project("{FAE04EC0-301F-11D3-BF4B-00C04F79EFBC}") = "FigurasGeometricas", "FigurasGeometricas\FigurasGeometricas.csproj", "{C37EB111-AAD5-4D28-8822-51403911AFEF}"
EndProject
Project("{FAE04EC0-301F-11D3-BF4B-00C04F79EFBC}") = "Polimorfismo", "Polimorfismo\Polimorfismo.csproj", "{296F8A89-BF96-43C9-A5AD-882789D519A1}"
EndProject
Project("{FAE04EC0-301F-11D3-BF4B-00C04F79EFBC}") = "EmpleadosForm", "EmpleadosForm\EmpleadosForm.csproj", "{F6226AA9-A532-4289-98ED-20A9946028D9}"
EndProject
Project("{FAE04EC0-301F-11D3-BF4B-00C04F79EFBC}") = "InterfaceClass", "InterfaceClass\InterfaceClass.csproj", "{9CDC4C3E-3D04-4468-898A-AAB1818EFCE7}"
EndProject
Project("{FAE04EC0-301F-11D3-BF4B-00C04F79EFBC}") = "EstudianteUI", "EstudianteUI\EstudianteUI.csproj", "{F6EFDFF3-17F1-490A-8B65-D5367C9FF3BF}"
EndProject
Project("{FAE04EC0-301F-11D3-BF4B-00C04F79EFBC}") = "BuscaminasLibrary", "BuscaminasLibrary\BuscaminasLibrary.csproj", "{6DD6B564-5E3B-4431-8903-494969BB4682}"
EndProject
Project("{FAE04EC0-301F-11D3-BF4B-00C04F79EFBC}") = "BuscaminasConsola", "BuscaminasConsola\BuscaminasConsola.csproj", "{FA519430-7041-4837-9984-33DD4B23C003}"
EndProject
Global
	GlobalSection(SolutionConfigurationPlatforms) = preSolution
		Debug|Any CPU = Debug|Any CPU
		Release|Any CPU = Release|Any CPU
	EndGlobalSection
	GlobalSection(ProjectConfigurationPlatforms) = postSolution
		{1F940B4B-2B32-49D9-95C3-1DFDFE3EB04D}.Debug|Any CPU.ActiveCfg = Debug|Any CPU
		{1F940B4B-2B32-49D9-95C3-1DFDFE3EB04D}.Debug|Any CPU.Build.0 = Debug|Any CPU
		{1F940B4B-2B32-49D9-95C3-1DFDFE3EB04D}.Release|Any CPU.ActiveCfg = Release|Any CPU
		{1F940B4B-2B32-49D9-95C3-1DFDFE3EB04D}.Release|Any CPU.Build.0 = Release|Any CPU
		{F497B88B-C6C8-451D-A9BB-7B8F50D7B259}.Debug|Any CPU.ActiveCfg = Debug|Any CPU
		{F497B88B-C6C8-451D-A9BB-7B8F50D7B259}.Debug|Any CPU.Build.0 = Debug|Any CPU
		{F497B88B-C6C8-451D-A9BB-7B8F50D7B259}.Release|Any CPU.ActiveCfg = Release|Any CPU
		{F497B88B-C6C8-451D-A9BB-7B8F50D7B259}.Release|Any CPU.Build.0 = Release|Any CPU
		{DDCD3F00-8ACF-4D6B-B8BC-F9149BDDABBE}.Debug|Any CPU.ActiveCfg = Debug|Any CPU
		{DDCD3F00-8ACF-4D6B-B8BC-F9149BDDABBE}.Debug|Any CPU.Build.0 = Debug|Any CPU
		{DDCD3F00-8ACF-4D6B-B8BC-F9149BDDABBE}.Release|Any CPU.ActiveCfg = Release|Any CPU
		{DDCD3F00-8ACF-4D6B-B8BC-F9149BDDABBE}.Release|Any CPU.Build.0 = Release|Any CPU
		{A4EA9D9A-7BFC-4709-A22E-A25D90C3907D}.Debug|Any CPU.ActiveCfg = Debug|Any CPU
		{A4EA9D9A-7BFC-4709-A22E-A25D90C3907D}.Debug|Any CPU.Build.0 = Debug|Any CPU
		{A4EA9D9A-7BFC-4709-A22E-A25D90C3907D}.Release|Any CPU.ActiveCfg = Release|Any CPU
		{A4EA9D9A-7BFC-4709-A22E-A25D90C3907D}.Release|Any CPU.Build.0 = Release|Any CPU
		{C37EB111-AAD5-4D28-8822-51403911AFEF}.Debug|Any CPU.ActiveCfg = Debug|Any CPU
		{C37EB111-AAD5-4D28-8822-51403911AFEF}.Debug|Any CPU.Build.0 = Debug|Any CPU
		{C37EB111-AAD5-4D28-8822-51403911AFEF}.Release|Any CPU.ActiveCfg = Release|Any CPU
		{C37EB111-AAD5-4D28-8822-51403911AFEF}.Release|Any CPU.Build.0 = Release|Any CPU
		{296F8A89-BF96-43C9-A5AD-882789D519A1}.Debug|Any CPU.ActiveCfg = Debug|Any CPU
		{296F8A89-BF96-43C9-A5AD-882789D519A1}.Debug|Any CPU.Build.0 = Debug|Any CPU
		{296F8A89-BF96-43C9-A5AD-882789D519A1}.Release|Any CPU.ActiveCfg = Release|Any CPU
		{296F8A89-BF96-43C9-A5AD-882789D519A1}.Release|Any CPU.Build.0 = Release|Any CPU
		{F6226AA9-A532-4289-98ED-20A9946028D9}.Debug|Any CPU.ActiveCfg = Debug|Any CPU
		{F6226AA9-A532-4289-98ED-20A9946028D9}.Debug|Any CPU.Build.0 = Debug|Any CPU
		{F6226AA9-A532-4289-98ED-20A9946028D9}.Release|Any CPU.ActiveCfg = Release|Any CPU
		{F6226AA9-A532-4289-98ED-20A9946028D9}.Release|Any CPU.Build.0 = Release|Any CPU
		{9CDC4C3E-3D04-4468-898A-AAB1818EFCE7}.Debug|Any CPU.ActiveCfg = Debug|Any CPU
		{9CDC4C3E-3D04-4468-898A-AAB1818EFCE7}.Debug|Any CPU.Build.0 = Debug|Any CPU
		{9CDC4C3E-3D04-4468-898A-AAB1818EFCE7}.Release|Any CPU.ActiveCfg = Release|Any CPU
		{9CDC4C3E-3D04-4468-898A-AAB1818EFCE7}.Release|Any CPU.Build.0 = Release|Any CPU
		{F6EFDFF3-17F1-490A-8B65-D5367C9FF3BF}.Debug|Any CPU.ActiveCfg = Debug|Any CPU
		{F6EFDFF3-17F1-490A-8B65-D5367C9FF3BF}.Debug|Any CPU.Build.0 = Debug|Any CPU
		{F6EFDFF3-17F1-490A-8B65-D5367C9FF3BF}.Release|Any CPU.ActiveCfg = Release|Any CPU
		{F6EFDFF3-17F1-490A-8B65-D5367C9FF3BF}.Release|Any CPU.Build.0 = Release|Any CPU
		{6DD6B564-5E3B-4431-8903-494969BB4682}.Debug|Any CPU.ActiveCfg = Debug|Any CPU
		{6DD6B564-5E3B-4431-8903-494969BB4682}.Debug|Any CPU.Build.0 = Debug|Any CPU
		{6DD6B564-5E3B-4431-8903-494969BB4682}.Release|Any CPU.ActiveCfg = Release|Any CPU
		{6DD6B564-5E3B-4431-8903-494969BB4682}.Release|Any CPU.Build.0 = Release|Any CPU
		{FA519430-7041-4837-9984-33DD4B23C003}.Debug|Any CPU.ActiveCfg = Debug|Any CPU
		{FA519430-7041-4837-9984-33DD4B23C003}.Debug|Any CPU.Build.0 = Debug|Any CPU
		{FA519430-7041-4837-9984-33DD4B23C003}.Release|Any CPU.ActiveCfg = Release|Any CPU
		{FA519430-7041-4837-9984-33DD4B23C003}.Release|Any CPU.Build.0 = Release|Any CPU
	EndGlobalSection
	GlobalSection(SolutionProperties) = preSolution
		HideSolutionNode = FALSE
	EndGlobalSection
	GlobalSection(ExtensibilityGlobals) = postSolution
		SolutionGuid = {5F9C8388-DFCC-4DF3-899F-6ED6E9C73968}
	EndGlobalSection
EndGlobal
